// !$*UTF8*$!
{
	archiveVersion = 1;
	classes = {
	};
	objectVersion = 46;
	objects = {

/* Begin PBXBuildFile section */
		087A3F6E1A7FBE6F001FB331 /* AppDelegate.swift in Sources */ = {isa = PBXBuildFile; fileRef = 087A3F6D1A7FBE6F001FB331 /* AppDelegate.swift */; };
		087A3F701A7FBE6F001FB331 /* ViewController.swift in Sources */ = {isa = PBXBuildFile; fileRef = 087A3F6F1A7FBE6F001FB331 /* ViewController.swift */; };
		087A3F731A7FBE6F001FB331 /* Main.storyboard in Resources */ = {isa = PBXBuildFile; fileRef = 087A3F711A7FBE6F001FB331 /* Main.storyboard */; };
		087A3F751A7FBE6F001FB331 /* Images.xcassets in Resources */ = {isa = PBXBuildFile; fileRef = 087A3F741A7FBE6F001FB331 /* Images.xcassets */; };
		087A3F781A7FBE6F001FB331 /* LaunchScreen.xib in Resources */ = {isa = PBXBuildFile; fileRef = 087A3F761A7FBE6F001FB331 /* LaunchScreen.xib */; };
		087A3F841A7FBE6F001FB331 /* MapsTests.swift in Sources */ = {isa = PBXBuildFile; fileRef = 087A3F831A7FBE6F001FB331 /* MapsTests.swift */; };
		087A3F8E1A7FCA66001FB331 /* FourSquareRequest.swift in Sources */ = {isa = PBXBuildFile; fileRef = 087A3F8D1A7FCA66001FB331 /* FourSquareRequest.swift */; };
/* End PBXBuildFile section */

/* Begin PBXContainerItemProxy section */
		087A3F7E1A7FBE6F001FB331 /* PBXContainerItemProxy */ = {
			isa = PBXContainerItemProxy;
			containerPortal = 087A3F601A7FBE6F001FB331 /* Project object */;
			proxyType = 1;
			remoteGlobalIDString = 087A3F671A7FBE6F001FB331;
			remoteInfo = Maps;
		};
/* End PBXContainerItemProxy section */

/* Begin PBXFileReference section */
		087A3F681A7FBE6F001FB331 /* Maps.app */ = {isa = PBXFileReference; explicitFileType = wrapper.application; includeInIndex = 0; path = Maps.app; sourceTree = BUILT_PRODUCTS_DIR; };
		087A3F6C1A7FBE6F001FB331 /* Info.plist */ = {isa = PBXFileReference; lastKnownFileType = text.plist.xml; path = Info.plist; sourceTree = "<group>"; };
		087A3F6D1A7FBE6F001FB331 /* AppDelegate.swift */ = {isa = PBXFileReference; lastKnownFileType = sourcecode.swift; path = AppDelegate.swift; sourceTree = "<group>"; };
		087A3F6F1A7FBE6F001FB331 /* ViewController.swift */ = {isa = PBXFileReference; lastKnownFileType = sourcecode.swift; path = ViewController.swift; sourceTree = "<group>"; };
		087A3F721A7FBE6F001FB331 /* Base */ = {isa = PBXFileReference; lastKnownFileType = file.storyboard; name = Base; path = Base.lproj/Main.storyboard; sourceTree = "<group>"; };
		087A3F741A7FBE6F001FB331 /* Images.xcassets */ = {isa = PBXFileReference; lastKnownFileType = folder.assetcatalog; path = Images.xcassets; sourceTree = "<group>"; };
		087A3F771A7FBE6F001FB331 /* Base */ = {isa = PBXFileReference; lastKnownFileType = file.xib; name = Base; path = Base.lproj/LaunchScreen.xib; sourceTree = "<group>"; };
		087A3F7D1A7FBE6F001FB331 /* MapsTests.xctest */ = {isa = PBXFileReference; explicitFileType = wrapper.cfbundle; includeInIndex = 0; path = MapsTests.xctest; sourceTree = BUILT_PRODUCTS_DIR; };
		087A3F821A7FBE6F001FB331 /* Info.plist */ = {isa = PBXFileReference; lastKnownFileType = text.plist.xml; path = Info.plist; sourceTree = "<group>"; };
		087A3F831A7FBE6F001FB331 /* MapsTests.swift */ = {isa = PBXFileReference; lastKnownFileType = sourcecode.swift; path = MapsTests.swift; sourceTree = "<group>"; };
		087A3F8D1A7FCA66001FB331 /* FourSquareRequest.swift */ = {isa = PBXFileReference; fileEncoding = 4; lastKnownFileType = sourcecode.swift; path = FourSquareRequest.swift; sourceTree = "<group>"; };
/* End PBXFileReference section */

/* Begin PBXFrameworksBuildPhase section */
		087A3F651A7FBE6F001FB331 /* Frameworks */ = {
			isa = PBXFrameworksBuildPhase;
			buildActionMask = 2147483647;
			files = (
			);
			runOnlyForDeploymentPostprocessing = 0;
		};
		087A3F7A1A7FBE6F001FB331 /* Frameworks */ = {
			isa = PBXFrameworksBuildPhase;
			buildActionMask = 2147483647;
			files = (
			);
			runOnlyForDeploymentPostprocessing = 0;
		};
/* End PBXFrameworksBuildPhase section */

/* Begin PBXGroup section */
		087A3F5F1A7FBE6F001FB331 = {
			isa = PBXGroup;
			children = (
				087A3F6A1A7FBE6F001FB331 /* Maps */,
				087A3F801A7FBE6F001FB331 /* MapsTests */,
				087A3F691A7FBE6F001FB331 /* Products */,
			);
			sourceTree = "<group>";
		};
		087A3F691A7FBE6F001FB331 /* Products */ = {
			isa = PBXGroup;
			children = (
				087A3F681A7FBE6F001FB331 /* Maps.app */,
				087A3F7D1A7FBE6F001FB331 /* MapsTests.xctest */,
			);
			name = Products;
			sourceTree = "<group>";
		};
		087A3F6A1A7FBE6F001FB331 /* Maps */ = {
			isa = PBXGroup;
			children = (
				087A3F6D1A7FBE6F001FB331 /* AppDelegate.swift */,
				087A3F6F1A7FBE6F001FB331 /* ViewController.swift */,
				087A3F711A7FBE6F001FB331 /* Main.storyboard */,
				087A3F6B1A7FBE6F001FB331 /* Supporting Files */,
				087A3F8D1A7FCA66001FB331 /* FourSquareRequest.swift */,
			);
			path = Maps;
			sourceTree = "<group>";
		};
		087A3F6B1A7FBE6F001FB331 /* Supporting Files */ = {
			isa = PBXGroup;
			children = (
				087A3F741A7FBE6F001FB331 /* Images.xcassets */,
				087A3F761A7FBE6F001FB331 /* LaunchScreen.xib */,
				087A3F6C1A7FBE6F001FB331 /* Info.plist */,
			);
			name = "Supporting Files";
			sourceTree = "<group>";
		};
		087A3F801A7FBE6F001FB331 /* MapsTests */ = {
			isa = PBXGroup;
			children = (
				087A3F831A7FBE6F001FB331 /* MapsTests.swift */,
				087A3F811A7FBE6F001FB331 /* Supporting Files */,
			);
			path = MapsTests;
			sourceTree = "<group>";
		};
		087A3F811A7FBE6F001FB331 /* Supporting Files */ = {
			isa = PBXGroup;
			children = (
				087A3F821A7FBE6F001FB331 /* Info.plist */,
			);
			name = "Supporting Files";
			sourceTree = "<group>";
		};
/* End PBXGroup section */

/* Begin PBXNativeTarget section */
		087A3F671A7FBE6F001FB331 /* Maps */ = {
			isa = PBXNativeTarget;
			buildConfigurationList = 087A3F871A7FBE6F001FB331 /* Build configuration list for PBXNativeTarget "Maps" */;
			buildPhases = (
				087A3F641A7FBE6F001FB331 /* Sources */,
				087A3F651A7FBE6F001FB331 /* Frameworks */,
				087A3F661A7FBE6F001FB331 /* Resources */,
			);
			buildRules = (
			);
			dependencies = (
			);
			name = Maps;
			productName = Maps;
			productReference = 087A3F681A7FBE6F001FB331 /* Maps.app */;
			productType = "com.apple.product-type.application";
		};
		087A3F7C1A7FBE6F001FB331 /* MapsTests */ = {
			isa = PBXNativeTarget;
			buildConfigurationList = 087A3F8A1A7FBE6F001FB331 /* Build configuration list for PBXNativeTarget "MapsTests" */;
			buildPhases = (
				087A3F791A7FBE6F001FB331 /* Sources */,
				087A3F7A1A7FBE6F001FB331 /* Frameworks */,
				087A3F7B1A7FBE6F001FB331 /* Resources */,
			);
			buildRules = (
			);
			dependencies = (
				087A3F7F1A7FBE6F001FB331 /* PBXTargetDependency */,
			);
			name = MapsTests;
			productName = MapsTests;
			productReference = 087A3F7D1A7FBE6F001FB331 /* MapsTests.xctest */;
			productType = "com.apple.product-type.bundle.unit-test";
		};
/* End PBXNativeTarget section */

/* Begin PBXProject section */
		087A3F601A7FBE6F001FB331 /* Project object */ = {
			isa = PBXProject;
			attributes = {
				LastUpgradeCheck = 0610;
				ORGANIZATIONNAME = "Jide Opeola";
				TargetAttributes = {
					087A3F671A7FBE6F001FB331 = {
						CreatedOnToolsVersion = 6.1.1;
					};
					087A3F7C1A7FBE6F001FB331 = {
						CreatedOnToolsVersion = 6.1.1;
						TestTargetID = 087A3F671A7FBE6F001FB331;
					};
				};
			};
			buildConfigurationList = 087A3F631A7FBE6F001FB331 /* Build configuration list for PBXProject "Maps" */;
			compatibilityVersion = "Xcode 3.2";
			developmentRegion = English;
			hasScannedForEncodings = 0;
			knownRegions = (
				en,
				Base,
			);
			mainGroup = 087A3F5F1A7FBE6F001FB331;
			productRefGroup = 087A3F691A7FBE6F001FB331 /* Products */;
			projectDirPath = "";
			projectRoot = "";
			targets = (
				087A3F671A7FBE6F001FB331 /* Maps */,
				087A3F7C1A7FBE6F001FB331 /* MapsTests */,
			);
		};
/* End PBXProject section */

/* Begin PBXResourcesBuildPhase section */
		087A3F661A7FBE6F001FB331 /* Resources */ = {
			isa = PBXResourcesBuildPhase;
			buildActionMask = 2147483647;
			files = (
				087A3F731A7FBE6F001FB331 /* Main.storyboard in Resources */,
				087A3F781A7FBE6F001FB331 /* LaunchScreen.xib in Resources */,
				087A3F751A7FBE6F001FB331 /* Images.xcassets in Resources */,
			);
			runOnlyForDeploymentPostprocessing = 0;
		};
		087A3F7B1A7FBE6F001FB331 /* Resources */ = {
			isa = PBXResourcesBuildPhase;
			buildActionMask = 2147483647;
			files = (
			);
			runOnlyForDeploymentPostprocessing = 0;
		};
/* End PBXResourcesBuildPhase section */

/* Begin PBXSourcesBuildPhase section */
		087A3F641A7FBE6F001FB331 /* Sources */ = {
			isa = PBXSourcesBuildPhase;
			buildActionMask = 2147483647;
			files = (
				087A3F8E1A7FCA66001FB331 /* FourSquareRequest.swift in Sources */,
				087A3F701A7FBE6F001FB331 /* ViewController.swift in Sources */,
				087A3F6E1A7FBE6F001FB331 /* AppDelegate.swift in Sources */,
			);
			runOnlyForDeploymentPostprocessing = 0;
		};
		087A3F791A7FBE6F001FB331 /* Sources */ = {
			isa = PBXSourcesBuildPhase;
			buildActionMask = 2147483647;
			files = (
				087A3F841A7FBE6F001FB331 /* MapsTests.swift in Sources */,
			);
			runOnlyForDeploymentPostprocessing = 0;
		};
/* End PBXSourcesBuildPhase section */

/* Begin PBXTargetDependency section */
		087A3F7F1A7FBE6F001FB331 /* PBXTargetDependency */ = {
			isa = PBXTargetDependency;
			target = 087A3F671A7FBE6F001FB331 /* Maps */;
			targetProxy = 087A3F7E1A7FBE6F001FB331 /* PBXContainerItemProxy */;
		};
/* End PBXTargetDependency section */

/* Begin PBXVariantGroup section */
		087A3F711A7FBE6F001FB331 /* Main.storyboard */ = {
			isa = PBXVariantGroup;
			children = (
				087A3F721A7FBE6F001FB331 /* Base */,
			);
			name = Main.storyboard;
			sourceTree = "<group>";
		};
		087A3F761A7FBE6F001FB331 /* LaunchScreen.xib */ = {
			isa = PBXVariantGroup;
			children = (
				087A3F771A7FBE6F001FB331 /* Base */,
			);
			name = LaunchScreen.xib;
			sourceTree = "<group>";
		};
/* End PBXVariantGroup section */

/* Begin XCBuildConfiguration section */
		087A3F851A7FBE6F001FB331 /* Debug */ = {
			isa = XCBuildConfiguration;
			buildSettings = {
				ALWAYS_SEARCH_USER_PATHS = NO;
				CLANG_CXX_LANGUAGE_STANDARD = "gnu++0x";
				CLANG_CXX_LIBRARY = "libc++";
				CLANG_ENABLE_MODULES = YES;
				CLANG_ENABLE_OBJC_ARC = YES;
				CLANG_WARN_BOOL_CONVERSION = YES;
				CLANG_WARN_CONSTANT_CONVERSION = YES;
				CLANG_WARN_DIRECT_OBJC_ISA_USAGE = YES_ERROR;
				CLANG_WARN_EMPTY_BODY = YES;
				CLANG_WARN_ENUM_CONVERSION = YES;
				CLANG_WARN_INT_CONVERSION = YES;
				CLANG_WARN_OBJC_ROOT_CLASS = YES_ERROR;
				CLANG_WARN_UNREACHABLE_CODE = YES;
				CLANG_WARN__DUPLICATE_METHOD_MATCH = YES;
				"CODE_SIGN_IDENTITY[sdk=iphoneos*]" = "iPhone Developer";
				COPY_PHASE_STRIP = NO;
				ENABLE_STRICT_OBJC_MSGSEND = YES;
				GCC_C_LANGUAGE_STANDARD = gnu99;
				GCC_DYNAMIC_NO_PIC = NO;
				GCC_OPTIMIZATION_LEVEL = 0;
				GCC_PREPROCESSOR_DEFINITIONS = (
					"DEBUG=1",
					"$(inherited)",
				);
				GCC_SYMBOLS_PRIVATE_EXTERN = NO;
				GCC_WARN_64_TO_32_BIT_CONVERSION = YES;
				GCC_WARN_ABOUT_RETURN_TYPE = YES_ERROR;
				GCC_WARN_UNDECLARED_SELECTOR = YES;
				GCC_WARN_UNINITIALIZED_AUTOS = YES_AGGRESSIVE;
				GCC_WARN_UNUSED_FUNCTION = YES;
				GCC_WARN_UNUSED_VARIABLE = YES;
				IPHONEOS_DEPLOYMENT_TARGET = 8.1;
				MTL_ENABLE_DEBUG_INFO = YES;
				ONLY_ACTIVE_ARCH = YES;
				SDKROOT = iphoneos;
				SWIFT_OPTIMIZATION_LEVEL = "-Onone";
			};
			name = Debug;
		};
		087A3F861A7FBE6F001FB331 /* Release */ = {
			isa = XCBuildConfiguration;
			buildSettings = {
				ALWAYS_SEARCH_USER_PATHS = NO;
				CLANG_CXX_LANGUAGE_STANDARD = "gnu++0x";
				CLANG_CXX_LIBRARY = "libc++";
				CLANG_ENABLE_MODULES = YES;
				CLANG_ENABLE_OBJC_ARC = YES;
				CLANG_WARN_BOOL_CONVERSION = YES;
				CLANG_WARN_CONSTANT_CONVERSION = YES;
				CLANG_WARN_DIRECT_OBJC_ISA_USAGE = YES_ERROR;
				CLANG_WARN_EMPTY_BODY = YES;
				CLANG_WARN_ENUM_CONVERSION = YES;
				CLANG_WARN_INT_CONVERSION = YES;
				CLANG_WARN_OBJC_ROOT_CLASS = YES_ERROR;
				CLANG_WARN_UNREACHABLE_CODE = YES;
				CLANG_WARN__DUPLICATE_METHOD_MATCH = YES;
				"CODE_SIGN_IDENTITY[sdk=iphoneos*]" = "iPhone Developer";
				COPY_PHASE_STRIP = YES;
				ENABLE_NS_ASSERTIONS = NO;
				ENABLE_STRICT_OBJC_MSGSEND = YES;
				GCC_C_LANGUAGE_STANDARD = gnu99;
				GCC_WARN_64_TO_32_BIT_CONVERSION = YES;
				GCC_WARN_ABOUT_RETURN_TYPE = YES_ERROR;
				GCC_WARN_UNDECLARED_SELECTOR = YES;
				GCC_WARN_UNINITIALIZED_AUTOS = YES_AGGRESSIVE;
				GCC_WARN_UNUSED_FUNCTION = YES;
				GCC_WARN_UNUSED_VARIABLE = YES;
				IPHONEOS_DEPLOYMENT_TARGET = 8.1;
				MTL_ENABLE_DEBUG_INFO = NO;
				SDKROOT = iphoneos;
				VALIDATE_PRODUCT = YES;
			};
			name = Release;
		};
		087A3F881A7FBE6F001FB331 /* Debug */ = {
			isa = XCBuildConfiguration;
			buildSettings = {
				ASSETCATALOG_COMPILER_APPICON_NAME = AppIcon;
				INFOPLIST_FILE = Maps/Info.plist;
				LD_RUNPATH_SEARCH_PATHS = "$(inherited) @executable_path/Frameworks";
				PRODUCT_NAME = "$(TARGET_NAME)";
			};
			name = Debug;
		};
		087A3F891A7FBE6F001FB331 /* Release */ = {
			isa = XCBuildConfiguration;
			buildSettings = {
				ASSETCATALOG_COMPILER_APPICON_NAME = AppIcon;
				INFOPLIST_FILE = Maps/Info.plist;
				LD_RUNPATH_SEARCH_PATHS = "$(inherited) @executable_path/Frameworks";
				PRODUCT_NAME = "$(TARGET_NAME)";
			};
			name = Release;
		};
		087A3F8B1A7FBE6F001FB331 /* Debug */ = {
			isa = XCBuildConfiguration;
			buildSettings = {
				BUNDLE_LOADER = "$(TEST_HOST)";
				FRAMEWORK_SEARCH_PATHS = (
					"$(SDKROOT)/Developer/Library/Frameworks",
					"$(inherited)",
				);
				GCC_PREPROCESSOR_DEFINITIONS = (
					"DEBUG=1",
					"$(inherited)",
				);
				INFOPLIST_FILE = MapsTests/Info.plist;
				LD_RUNPATH_SEARCH_PATHS = "$(inherited) @executable_path/Frameworks @loader_path/Frameworks";
				PRODUCT_NAME = "$(TARGET_NAME)";
				TEST_HOST = "$(BUILT_PRODUCTS_DIR)/Maps.app/Maps";
			};
			name = Debug;
		};
		087A3F8C1A7FBE6F001FB331 /* Release */ = {
			isa = XCBuildConfiguration;
			buildSettings = {
				BUNDLE_LOADER = "$(TEST_HOST)";
				FRAMEWORK_SEARCH_PATHS = (
					"$(SDKROOT)/Developer/Library/Frameworks",
					"$(inherited)",
				);
				INFOPLIST_FILE = MapsTests/Info.plist;
				LD_RUNPATH_SEARCH_PATHS = "$(inherited) @executable_path/Frameworks @loader_path/Frameworks";
				PRODUCT_NAME = "$(TARGET_NAME)";
				TEST_HOST = "$(BUILT_PRODUCTS_DIR)/Maps.app/Maps";
			};
			name = Release;
		};
/* End XCBuildConfiguration section */

/* Begin XCConfigurationList section */
		087A3F631A7FBE6F001FB331 /* Build configuration list for PBXProject "Maps" */ = {
			isa = XCConfigurationList;
			buildConfigurations = (
				087A3F851A7FBE6F001FB331 /* Debug */,
				087A3F861A7FBE6F001FB331 /* Release */,
			);
			defaultConfigurationIsVisible = 0;
			defaultConfigurationName = Release;
		};
		087A3F871A7FBE6F001FB331 /* Build configuration list for PBXNativeTarget "Maps" */ = {
			isa = XCConfigurationList;
			buildConfigurations = (
				087A3F881A7FBE6F001FB331 /* Debug */,
				087A3F891A7FBE6F001FB331 /* Release */,
			);
			defaultConfigurationIsVisible = 0;
		};
		087A3F8A1A7FBE6F001FB331 /* Build configuration list for PBXNativeTarget "MapsTests" */ = {
			isa = XCConfigurationList;
			buildConfigurations = (
				087A3F8B1A7FBE6F001FB331 /* Debug */,
				087A3F8C1A7FBE6F001FB331 /* Release */,
			);
			defaultConfigurationIsVisible = 0;
		};
/* End XCConfigurationList section */
	};
	rootObject = 087A3F601A7FBE6F001FB331 /* Project object */;
}
